// !$*UTF8*$!
{
	archiveVersion = 1;
	classes = {
	};
	objectVersion = 46;
	objects = {

/* Begin PBXBuildFile section */
		0C4DCC281E6D54D200355B7C /* CircularLoaderView.swift in Sources */ = {isa = PBXBuildFile; fileRef = 0C4DCC271E6D54D200355B7C /* CircularLoaderView.swift */; };
		0CB796C41E672635008D2801 /* WorkoutTableViewCell.swift in Sources */ = {isa = PBXBuildFile; fileRef = 0CB796C31E672635008D2801 /* WorkoutTableViewCell.swift */; };
		0CF649A61E5DCC3E00A4FB73 /* AppDelegate.swift in Sources */ = {isa = PBXBuildFile; fileRef = 0CF649A51E5DCC3E00A4FB73 /* AppDelegate.swift */; };
		0CF649A81E5DCC3E00A4FB73 /* TimerViewController.swift in Sources */ = {isa = PBXBuildFile; fileRef = 0CF649A71E5DCC3E00A4FB73 /* TimerViewController.swift */; };
		0CF649AB1E5DCC3E00A4FB73 /* Main.storyboard in Resources */ = {isa = PBXBuildFile; fileRef = 0CF649A91E5DCC3E00A4FB73 /* Main.storyboard */; };
		0CF649AD1E5DCC3E00A4FB73 /* Assets.xcassets in Resources */ = {isa = PBXBuildFile; fileRef = 0CF649AC1E5DCC3E00A4FB73 /* Assets.xcassets */; };
		0CF649B01E5DCC3E00A4FB73 /* LaunchScreen.storyboard in Resources */ = {isa = PBXBuildFile; fileRef = 0CF649AE1E5DCC3E00A4FB73 /* LaunchScreen.storyboard */; };
		0CF649BB1E5DCC3E00A4FB73 /* intervalClockTests.swift in Sources */ = {isa = PBXBuildFile; fileRef = 0CF649BA1E5DCC3E00A4FB73 /* intervalClockTests.swift */; };
		0CF649C61E5DCC3E00A4FB73 /* intervalClockUITests.swift in Sources */ = {isa = PBXBuildFile; fileRef = 0CF649C51E5DCC3E00A4FB73 /* intervalClockUITests.swift */; };
		0CF649D41E5DE4A500A4FB73 /* TableViewController.swift in Sources */ = {isa = PBXBuildFile; fileRef = 0CF649D31E5DE4A500A4FB73 /* TableViewController.swift */; };
		0CF649D61E5EEFA000A4FB73 /* IntervalWorkout.swift in Sources */ = {isa = PBXBuildFile; fileRef = 0CF649D51E5EEFA000A4FB73 /* IntervalWorkout.swift */; };
		0CF649D81E5F0DC300A4FB73 /* CustomWorkoutViewController.swift in Sources */ = {isa = PBXBuildFile; fileRef = 0CF649D71E5F0DC300A4FB73 /* CustomWorkoutViewController.swift */; };
/* End PBXBuildFile section */

/* Begin PBXContainerItemProxy section */
		0CF649B71E5DCC3E00A4FB73 /* PBXContainerItemProxy */ = {
			isa = PBXContainerItemProxy;
			containerPortal = 0CF6499A1E5DCC3E00A4FB73 /* Project object */;
			proxyType = 1;
			remoteGlobalIDString = 0CF649A11E5DCC3E00A4FB73;
			remoteInfo = intervalClock;
		};
		0CF649C21E5DCC3E00A4FB73 /* PBXContainerItemProxy */ = {
			isa = PBXContainerItemProxy;
			containerPortal = 0CF6499A1E5DCC3E00A4FB73 /* Project object */;
			proxyType = 1;
			remoteGlobalIDString = 0CF649A11E5DCC3E00A4FB73;
			remoteInfo = intervalClock;
		};
/* End PBXContainerItemProxy section */

/* Begin PBXFileReference section */
		0C0BF79F1E76968500C0024A /* intervalClock.entitlements */ = {isa = PBXFileReference; lastKnownFileType = text.plist.entitlements; path = intervalClock.entitlements; sourceTree = "<group>"; };
		0C4DCC271E6D54D200355B7C /* CircularLoaderView.swift */ = {isa = PBXFileReference; fileEncoding = 4; lastKnownFileType = sourcecode.swift; path = CircularLoaderView.swift; sourceTree = "<group>"; };
		0CB796C31E672635008D2801 /* WorkoutTableViewCell.swift */ = {isa = PBXFileReference; fileEncoding = 4; lastKnownFileType = sourcecode.swift; path = WorkoutTableViewCell.swift; sourceTree = "<group>"; };
		0CF649A21E5DCC3E00A4FB73 /* intervalClock.app */ = {isa = PBXFileReference; explicitFileType = wrapper.application; includeInIndex = 0; path = intervalClock.app; sourceTree = BUILT_PRODUCTS_DIR; };
		0CF649A51E5DCC3E00A4FB73 /* AppDelegate.swift */ = {isa = PBXFileReference; lastKnownFileType = sourcecode.swift; path = AppDelegate.swift; sourceTree = "<group>"; };
		0CF649A71E5DCC3E00A4FB73 /* TimerViewController.swift */ = {isa = PBXFileReference; lastKnownFileType = sourcecode.swift; path = TimerViewController.swift; sourceTree = "<group>"; };
		0CF649AA1E5DCC3E00A4FB73 /* Base */ = {isa = PBXFileReference; lastKnownFileType = file.storyboard; name = Base; path = Base.lproj/Main.storyboard; sourceTree = "<group>"; };
		0CF649AC1E5DCC3E00A4FB73 /* Assets.xcassets */ = {isa = PBXFileReference; lastKnownFileType = folder.assetcatalog; path = Assets.xcassets; sourceTree = "<group>"; };
		0CF649AF1E5DCC3E00A4FB73 /* Base */ = {isa = PBXFileReference; lastKnownFileType = file.storyboard; name = Base; path = Base.lproj/LaunchScreen.storyboard; sourceTree = "<group>"; };
		0CF649B11E5DCC3E00A4FB73 /* Info.plist */ = {isa = PBXFileReference; lastKnownFileType = text.plist.xml; path = Info.plist; sourceTree = "<group>"; };
		0CF649B61E5DCC3E00A4FB73 /* intervalClockTests.xctest */ = {isa = PBXFileReference; explicitFileType = wrapper.cfbundle; includeInIndex = 0; path = intervalClockTests.xctest; sourceTree = BUILT_PRODUCTS_DIR; };
		0CF649BA1E5DCC3E00A4FB73 /* intervalClockTests.swift */ = {isa = PBXFileReference; lastKnownFileType = sourcecode.swift; path = intervalClockTests.swift; sourceTree = "<group>"; };
		0CF649BC1E5DCC3E00A4FB73 /* Info.plist */ = {isa = PBXFileReference; lastKnownFileType = text.plist.xml; path = Info.plist; sourceTree = "<group>"; };
		0CF649C11E5DCC3E00A4FB73 /* intervalClockUITests.xctest */ = {isa = PBXFileReference; explicitFileType = wrapper.cfbundle; includeInIndex = 0; path = intervalClockUITests.xctest; sourceTree = BUILT_PRODUCTS_DIR; };
		0CF649C51E5DCC3E00A4FB73 /* intervalClockUITests.swift */ = {isa = PBXFileReference; lastKnownFileType = sourcecode.swift; path = intervalClockUITests.swift; sourceTree = "<group>"; };
		0CF649C71E5DCC3E00A4FB73 /* Info.plist */ = {isa = PBXFileReference; lastKnownFileType = text.plist.xml; path = Info.plist; sourceTree = "<group>"; };
		0CF649D31E5DE4A500A4FB73 /* TableViewController.swift */ = {isa = PBXFileReference; fileEncoding = 4; lastKnownFileType = sourcecode.swift; path = TableViewController.swift; sourceTree = "<group>"; };
		0CF649D51E5EEFA000A4FB73 /* IntervalWorkout.swift */ = {isa = PBXFileReference; fileEncoding = 4; lastKnownFileType = sourcecode.swift; path = IntervalWorkout.swift; sourceTree = "<group>"; };
		0CF649D71E5F0DC300A4FB73 /* CustomWorkoutViewController.swift */ = {isa = PBXFileReference; fileEncoding = 4; lastKnownFileType = sourcecode.swift; path = CustomWorkoutViewController.swift; sourceTree = "<group>"; };
/* End PBXFileReference section */

/* Begin PBXFrameworksBuildPhase section */
		0CF6499F1E5DCC3E00A4FB73 /* Frameworks */ = {
			isa = PBXFrameworksBuildPhase;
			buildActionMask = 2147483647;
			files = (
			);
			runOnlyForDeploymentPostprocessing = 0;
		};
		0CF649B31E5DCC3E00A4FB73 /* Frameworks */ = {
			isa = PBXFrameworksBuildPhase;
			buildActionMask = 2147483647;
			files = (
			);
			runOnlyForDeploymentPostprocessing = 0;
		};
		0CF649BE1E5DCC3E00A4FB73 /* Frameworks */ = {
			isa = PBXFrameworksBuildPhase;
			buildActionMask = 2147483647;
			files = (
			);
			runOnlyForDeploymentPostprocessing = 0;
		};
/* End PBXFrameworksBuildPhase section */

/* Begin PBXGroup section */
		0CF649991E5DCC3E00A4FB73 = {
			isa = PBXGroup;
			children = (
				0CF649A41E5DCC3E00A4FB73 /* intervalClock */,
				0CF649B91E5DCC3E00A4FB73 /* intervalClockTests */,
				0CF649C41E5DCC3E00A4FB73 /* intervalClockUITests */,
				0CF649A31E5DCC3E00A4FB73 /* Products */,
			);
			sourceTree = "<group>";
		};
		0CF649A31E5DCC3E00A4FB73 /* Products */ = {
			isa = PBXGroup;
			children = (
				0CF649A21E5DCC3E00A4FB73 /* intervalClock.app */,
				0CF649B61E5DCC3E00A4FB73 /* intervalClockTests.xctest */,
				0CF649C11E5DCC3E00A4FB73 /* intervalClockUITests.xctest */,
			);
			name = Products;
			sourceTree = "<group>";
		};
		0CF649A41E5DCC3E00A4FB73 /* intervalClock */ = {
			isa = PBXGroup;
			children = (
				0C0BF79F1E76968500C0024A /* intervalClock.entitlements */,
				0CF649B11E5DCC3E00A4FB73 /* Info.plist */,
				0CF649A51E5DCC3E00A4FB73 /* AppDelegate.swift */,
				0CF649D31E5DE4A500A4FB73 /* TableViewController.swift */,
				0CF649A71E5DCC3E00A4FB73 /* TimerViewController.swift */,
				0CF649AC1E5DCC3E00A4FB73 /* Assets.xcassets */,
				0CF649AE1E5DCC3E00A4FB73 /* LaunchScreen.storyboard */,
				0CF649A91E5DCC3E00A4FB73 /* Main.storyboard */,
				0CF649D51E5EEFA000A4FB73 /* IntervalWorkout.swift */,
				0CF649D71E5F0DC300A4FB73 /* CustomWorkoutViewController.swift */,
				0CB796C31E672635008D2801 /* WorkoutTableViewCell.swift */,
				0C4DCC271E6D54D200355B7C /* CircularLoaderView.swift */,
			);
			path = intervalClock;
			sourceTree = "<group>";
		};
		0CF649B91E5DCC3E00A4FB73 /* intervalClockTests */ = {
			isa = PBXGroup;
			children = (
				0CF649BA1E5DCC3E00A4FB73 /* intervalClockTests.swift */,
				0CF649BC1E5DCC3E00A4FB73 /* Info.plist */,
			);
			path = intervalClockTests;
			sourceTree = "<group>";
		};
		0CF649C41E5DCC3E00A4FB73 /* intervalClockUITests */ = {
			isa = PBXGroup;
			children = (
				0CF649C51E5DCC3E00A4FB73 /* intervalClockUITests.swift */,
				0CF649C71E5DCC3E00A4FB73 /* Info.plist */,
			);
			path = intervalClockUITests;
			sourceTree = "<group>";
		};
/* End PBXGroup section */

/* Begin PBXNativeTarget section */
		0CF649A11E5DCC3E00A4FB73 /* intervalClock */ = {
			isa = PBXNativeTarget;
			buildConfigurationList = 0CF649CA1E5DCC3F00A4FB73 /* Build configuration list for PBXNativeTarget "intervalClock" */;
			buildPhases = (
				0CF6499E1E5DCC3E00A4FB73 /* Sources */,
				0CF6499F1E5DCC3E00A4FB73 /* Frameworks */,
				0CF649A01E5DCC3E00A4FB73 /* Resources */,
			);
			buildRules = (
			);
			dependencies = (
			);
			name = intervalClock;
			productName = intervalClock;
			productReference = 0CF649A21E5DCC3E00A4FB73 /* intervalClock.app */;
			productType = "com.apple.product-type.application";
		};
		0CF649B51E5DCC3E00A4FB73 /* intervalClockTests */ = {
			isa = PBXNativeTarget;
			buildConfigurationList = 0CF649CD1E5DCC3F00A4FB73 /* Build configuration list for PBXNativeTarget "intervalClockTests" */;
			buildPhases = (
				0CF649B21E5DCC3E00A4FB73 /* Sources */,
				0CF649B31E5DCC3E00A4FB73 /* Frameworks */,
				0CF649B41E5DCC3E00A4FB73 /* Resources */,
			);
			buildRules = (
			);
			dependencies = (
				0CF649B81E5DCC3E00A4FB73 /* PBXTargetDependency */,
			);
			name = intervalClockTests;
			productName = intervalClockTests;
			productReference = 0CF649B61E5DCC3E00A4FB73 /* intervalClockTests.xctest */;
			productType = "com.apple.product-type.bundle.unit-test";
		};
		0CF649C01E5DCC3E00A4FB73 /* intervalClockUITests */ = {
			isa = PBXNativeTarget;
			buildConfigurationList = 0CF649D01E5DCC3F00A4FB73 /* Build configuration list for PBXNativeTarget "intervalClockUITests" */;
			buildPhases = (
				0CF649BD1E5DCC3E00A4FB73 /* Sources */,
				0CF649BE1E5DCC3E00A4FB73 /* Frameworks */,
				0CF649BF1E5DCC3E00A4FB73 /* Resources */,
			);
			buildRules = (
			);
			dependencies = (
				0CF649C31E5DCC3E00A4FB73 /* PBXTargetDependency */,
			);
			name = intervalClockUITests;
			productName = intervalClockUITests;
			productReference = 0CF649C11E5DCC3E00A4FB73 /* intervalClockUITests.xctest */;
			productType = "com.apple.product-type.bundle.ui-testing";
		};
/* End PBXNativeTarget section */

/* Begin PBXProject section */
		0CF6499A1E5DCC3E00A4FB73 /* Project object */ = {
			isa = PBXProject;
			attributes = {
				LastSwiftUpdateCheck = 0820;
				LastUpgradeCheck = 0820;
				ORGANIZATIONNAME = "David Milliner";
				TargetAttributes = {
					0CF649A11E5DCC3E00A4FB73 = {
						CreatedOnToolsVersion = 8.2.1;
						DevelopmentTeam = H4YCDM74NE;
						ProvisioningStyle = Automatic;
						SystemCapabilities = {
							com.apple.BackgroundModes = {
								enabled = 0;
							};
							com.apple.Keychain = {
								enabled = 0;
							};
						};
					};
					0CF649B51E5DCC3E00A4FB73 = {
						CreatedOnToolsVersion = 8.2.1;
						DevelopmentTeam = H4YCDM74NE;
						ProvisioningStyle = Automatic;
						TestTargetID = 0CF649A11E5DCC3E00A4FB73;
					};
					0CF649C01E5DCC3E00A4FB73 = {
						CreatedOnToolsVersion = 8.2.1;
						DevelopmentTeam = H4YCDM74NE;
						ProvisioningStyle = Automatic;
						TestTargetID = 0CF649A11E5DCC3E00A4FB73;
					};
				};
			};
			buildConfigurationList = 0CF6499D1E5DCC3E00A4FB73 /* Build configuration list for PBXProject "intervalClock" */;
			compatibilityVersion = "Xcode 3.2";
			developmentRegion = English;
			hasScannedForEncodings = 0;
			knownRegions = (
				en,
				Base,
			);
			mainGroup = 0CF649991E5DCC3E00A4FB73;
			productRefGroup = 0CF649A31E5DCC3E00A4FB73 /* Products */;
			projectDirPath = "";
			projectRoot = "";
			targets = (
				0CF649A11E5DCC3E00A4FB73 /* intervalClock */,
				0CF649B51E5DCC3E00A4FB73 /* intervalClockTests */,
				0CF649C01E5DCC3E00A4FB73 /* intervalClockUITests */,
			);
		};
/* End PBXProject section */

/* Begin PBXResourcesBuildPhase section */
		0CF649A01E5DCC3E00A4FB73 /* Resources */ = {
			isa = PBXResourcesBuildPhase;
			buildActionMask = 2147483647;
			files = (
				0CF649B01E5DCC3E00A4FB73 /* LaunchScreen.storyboard in Resources */,
				0CF649AD1E5DCC3E00A4FB73 /* Assets.xcassets in Resources */,
				0CF649AB1E5DCC3E00A4FB73 /* Main.storyboard in Resources */,
			);
			runOnlyForDeploymentPostprocessing = 0;
		};
		0CF649B41E5DCC3E00A4FB73 /* Resources */ = {
			isa = PBXResourcesBuildPhase;
			buildActionMask = 2147483647;
			files = (
			);
			runOnlyForDeploymentPostprocessing = 0;
		};
		0CF649BF1E5DCC3E00A4FB73 /* Resources */ = {
			isa = PBXResourcesBuildPhase;
			buildActionMask = 2147483647;
			files = (
			);
			runOnlyForDeploymentPostprocessing = 0;
		};
/* End PBXResourcesBuildPhase section */

/* Begin PBXSourcesBuildPhase section */
		0CF6499E1E5DCC3E00A4FB73 /* Sources */ = {
			isa = PBXSourcesBuildPhase;
			buildActionMask = 2147483647;
			files = (
				0CF649D61E5EEFA000A4FB73 /* IntervalWorkout.swift in Sources */,
				0CB796C41E672635008D2801 /* WorkoutTableViewCell.swift in Sources */,
				0CF649A81E5DCC3E00A4FB73 /* TimerViewController.swift in Sources */,
				0CF649D41E5DE4A500A4FB73 /* TableViewController.swift in Sources */,
				0C4DCC281E6D54D200355B7C /* CircularLoaderView.swift in Sources */,
				0CF649A61E5DCC3E00A4FB73 /* AppDelegate.swift in Sources */,
				0CF649D81E5F0DC300A4FB73 /* CustomWorkoutViewController.swift in Sources */,
			);
			runOnlyForDeploymentPostprocessing = 0;
		};
		0CF649B21E5DCC3E00A4FB73 /* Sources */ = {
			isa = PBXSourcesBuildPhase;
			buildActionMask = 2147483647;
			files = (
				0CF649BB1E5DCC3E00A4FB73 /* intervalClockTests.swift in Sources */,
			);
			runOnlyForDeploymentPostprocessing = 0;
		};
		0CF649BD1E5DCC3E00A4FB73 /* Sources */ = {
			isa = PBXSourcesBuildPhase;
			buildActionMask = 2147483647;
			files = (
				0CF649C61E5DCC3E00A4FB73 /* intervalClockUITests.swift in Sources */,
			);
			runOnlyForDeploymentPostprocessing = 0;
		};
/* End PBXSourcesBuildPhase section */

/* Begin PBXTargetDependency section */
		0CF649B81E5DCC3E00A4FB73 /* PBXTargetDependency */ = {
			isa = PBXTargetDependency;
			target = 0CF649A11E5DCC3E00A4FB73 /* intervalClock */;
			targetProxy = 0CF649B71E5DCC3E00A4FB73 /* PBXContainerItemProxy */;
		};
		0CF649C31E5DCC3E00A4FB73 /* PBXTargetDependency */ = {
			isa = PBXTargetDependency;
			target = 0CF649A11E5DCC3E00A4FB73 /* intervalClock */;
			targetProxy = 0CF649C21E5DCC3E00A4FB73 /* PBXContainerItemProxy */;
		};
/* End PBXTargetDependency section */

/* Begin PBXVariantGroup section */
		0CF649A91E5DCC3E00A4FB73 /* Main.storyboard */ = {
			isa = PBXVariantGroup;
			children = (
				0CF649AA1E5DCC3E00A4FB73 /* Base */,
			);
			name = Main.storyboard;
			sourceTree = "<group>";
		};
		0CF649AE1E5DCC3E00A4FB73 /* LaunchScreen.storyboard */ = {
			isa = PBXVariantGroup;
			children = (
				0CF649AF1E5DCC3E00A4FB73 /* Base */,
			);
			name = LaunchScreen.storyboard;
			sourceTree = "<group>";
		};
/* End PBXVariantGroup section */

/* Begin XCBuildConfiguration section */
		0CF649C81E5DCC3F00A4FB73 /* Debug */ = {
			isa = XCBuildConfiguration;
			buildSettings = {
				ALWAYS_SEARCH_USER_PATHS = NO;
				CLANG_ANALYZER_NONNULL = YES;
				CLANG_CXX_LANGUAGE_STANDARD = "gnu++0x";
				CLANG_CXX_LIBRARY = "libc++";
				CLANG_ENABLE_MODULES = YES;
				CLANG_ENABLE_OBJC_ARC = YES;
				CLANG_WARN_BOOL_CONVERSION = YES;
				CLANG_WARN_CONSTANT_CONVERSION = YES;
				CLANG_WARN_DIRECT_OBJC_ISA_USAGE = YES_ERROR;
				CLANG_WARN_DOCUMENTATION_COMMENTS = YES;
				CLANG_WARN_EMPTY_BODY = YES;
				CLANG_WARN_ENUM_CONVERSION = YES;
				CLANG_WARN_INFINITE_RECURSION = YES;
				CLANG_WARN_INT_CONVERSION = YES;
				CLANG_WARN_OBJC_ROOT_CLASS = YES_ERROR;
				CLANG_WARN_SUSPICIOUS_MOVE = YES;
				CLANG_WARN_UNREACHABLE_CODE = YES;
				CLANG_WARN__DUPLICATE_METHOD_MATCH = YES;
				"CODE_SIGN_IDENTITY[sdk=iphoneos*]" = "iPhone Developer";
				COPY_PHASE_STRIP = NO;
				DEBUG_INFORMATION_FORMAT = dwarf;
				ENABLE_STRICT_OBJC_MSGSEND = YES;
				ENABLE_TESTABILITY = YES;
				GCC_C_LANGUAGE_STANDARD = gnu99;
				GCC_DYNAMIC_NO_PIC = NO;
				GCC_NO_COMMON_BLOCKS = YES;
				GCC_OPTIMIZATION_LEVEL = 0;
				GCC_PREPROCESSOR_DEFINITIONS = (
					"DEBUG=1",
					"$(inherited)",
				);
				GCC_WARN_64_TO_32_BIT_CONVERSION = YES;
				GCC_WARN_ABOUT_RETURN_TYPE = YES_ERROR;
				GCC_WARN_UNDECLARED_SELECTOR = YES;
				GCC_WARN_UNINITIALIZED_AUTOS = YES_AGGRESSIVE;
				GCC_WARN_UNUSED_FUNCTION = YES;
				GCC_WARN_UNUSED_VARIABLE = YES;
				IPHONEOS_DEPLOYMENT_TARGET = 8.0;
				MTL_ENABLE_DEBUG_INFO = YES;
				ONLY_ACTIVE_ARCH = YES;
				SDKROOT = iphoneos;
				SWIFT_ACTIVE_COMPILATION_CONDITIONS = DEBUG;
				SWIFT_OPTIMIZATION_LEVEL = "-Onone";
			};
			name = Debug;
		};
		0CF649C91E5DCC3F00A4FB73 /* Release */ = {
			isa = XCBuildConfiguration;
			buildSettings = {
				ALWAYS_SEARCH_USER_PATHS = NO;
				CLANG_ANALYZER_NONNULL = YES;
				CLANG_CXX_LANGUAGE_STANDARD = "gnu++0x";
				CLANG_CXX_LIBRARY = "libc++";
				CLANG_ENABLE_MODULES = YES;
				CLANG_ENABLE_OBJC_ARC = YES;
				CLANG_WARN_BOOL_CONVERSION = YES;
				CLANG_WARN_CONSTANT_CONVERSION = YES;
				CLANG_WARN_DIRECT_OBJC_ISA_USAGE = YES_ERROR;
				CLANG_WARN_DOCUMENTATION_COMMENTS = YES;
				CLANG_WARN_EMPTY_BODY = YES;
				CLANG_WARN_ENUM_CONVERSION = YES;
				CLANG_WARN_INFINITE_RECURSION = YES;
				CLANG_WARN_INT_CONVERSION = YES;
				CLANG_WARN_OBJC_ROOT_CLASS = YES_ERROR;
				CLANG_WARN_SUSPICIOUS_MOVE = YES;
				CLANG_WARN_UNREACHABLE_CODE = YES;
				CLANG_WARN__DUPLICATE_METHOD_MATCH = YES;
				"CODE_SIGN_IDENTITY[sdk=iphoneos*]" = "iPhone Developer";
				COPY_PHASE_STRIP = NO;
				DEBUG_INFORMATION_FORMAT = "dwarf-with-dsym";
				ENABLE_NS_ASSERTIONS = NO;
				ENABLE_STRICT_OBJC_MSGSEND = YES;
				GCC_C_LANGUAGE_STANDARD = gnu99;
				GCC_NO_COMMON_BLOCKS = YES;
				GCC_WARN_64_TO_32_BIT_CONVERSION = YES;
				GCC_WARN_ABOUT_RETURN_TYPE = YES_ERROR;
				GCC_WARN_UNDECLARED_SELECTOR = YES;
				GCC_WARN_UNINITIALIZED_AUTOS = YES_AGGRESSIVE;
				GCC_WARN_UNUSED_FUNCTION = YES;
				GCC_WARN_UNUSED_VARIABLE = YES;
				IPHONEOS_DEPLOYMENT_TARGET = 8.0;
				MTL_ENABLE_DEBUG_INFO = NO;
				SDKROOT = iphoneos;
				SWIFT_OPTIMIZATION_LEVEL = "-Owholemodule";
				VALIDATE_PRODUCT = YES;
			};
			name = Release;
		};
		0CF649CB1E5DCC3F00A4FB73 /* Debug */ = {
			isa = XCBuildConfiguration;
			buildSettings = {
				ASSETCATALOG_COMPILER_APPICON_NAME = AppIcon;
				DEVELOPMENT_TEAM = H4YCDM74NE;
				INFOPLIST_FILE = intervalClock/Info.plist;
				IPHONEOS_DEPLOYMENT_TARGET = 8.0;
				LD_RUNPATH_SEARCH_PATHS = "$(inherited) @executable_path/Frameworks";
				PRODUCT_BUNDLE_IDENTIFIER = com.dfm.intervalClock;
				PRODUCT_NAME = "$(TARGET_NAME)";
				SWIFT_VERSION = 3.0;
				TARGETED_DEVICE_FAMILY = 1;
			};
			name = Debug;
		};
		0CF649CC1E5DCC3F00A4FB73 /* Release */ = {
			isa = XCBuildConfiguration;
			buildSettings = {
				ASSETCATALOG_COMPILER_APPICON_NAME = AppIcon;
				DEVELOPMENT_TEAM = H4YCDM74NE;
				INFOPLIST_FILE = intervalClock/Info.plist;
				IPHONEOS_DEPLOYMENT_TARGET = 8.0;
				LD_RUNPATH_SEARCH_PATHS = "$(inherited) @executable_path/Frameworks";
				PRODUCT_BUNDLE_IDENTIFIER = com.dfm.intervalClock;
				PRODUCT_NAME = "$(TARGET_NAME)";
				SWIFT_VERSION = 3.0;
				TARGETED_DEVICE_FAMILY = 1;
			};
			name = Release;
		};
		0CF649CE1E5DCC3F00A4FB73 /* Debug */ = {
			isa = XCBuildConfiguration;
			buildSettings = {
				ALWAYS_EMBED_SWIFT_STANDARD_LIBRARIES = YES;
				BUNDLE_LOADER = "$(TEST_HOST)";
				DEVELOPMENT_TEAM = H4YCDM74NE;
				INFOPLIST_FILE = intervalClockTests/Info.plist;
				LD_RUNPATH_SEARCH_PATHS = "$(inherited) @executable_path/Frameworks @loader_path/Frameworks";
				PRODUCT_BUNDLE_IDENTIFIER = com.dfm.intervalClockTests;
				PRODUCT_NAME = "$(TARGET_NAME)";
				SWIFT_VERSION = 3.0;
				TEST_HOST = "$(BUILT_PRODUCTS_DIR)/intervalClock.app/intervalClock";
			};
			name = Debug;
		};
		0CF649CF1E5DCC3F00A4FB73 /* Release */ = {
			isa = XCBuildConfiguration;
			buildSettings = {
				ALWAYS_EMBED_SWIFT_STANDARD_LIBRARIES = YES;
				BUNDLE_LOADER = "$(TEST_HOST)";
				DEVELOPMENT_TEAM = H4YCDM74NE;
				INFOPLIST_FILE = intervalClockTests/Info.plist;
				LD_RUNPATH_SEARCH_PATHS = "$(inherited) @executable_path/Frameworks @loader_path/Frameworks";
				PRODUCT_BUNDLE_IDENTIFIER = com.dfm.intervalClockTests;
				PRODUCT_NAME = "$(TARGET_NAME)";
				SWIFT_VERSION = 3.0;
				TEST_HOST = "$(BUILT_PRODUCTS_DIR)/intervalClock.app/intervalClock";
			};
			name = Release;
		};
		0CF649D11E5DCC3F00A4FB73 /* Debug */ = {
			isa = XCBuildConfiguration;
			buildSettings = {
				ALWAYS_EMBED_SWIFT_STANDARD_LIBRARIES = YES;
				DEVELOPMENT_TEAM = H4YCDM74NE;
				INFOPLIST_FILE = intervalClockUITests/Info.plist;
				LD_RUNPATH_SEARCH_PATHS = "$(inherited) @executable_path/Frameworks @loader_path/Frameworks";
				PRODUCT_BUNDLE_IDENTIFIER = com.dfm.intervalClockUITests;
				PRODUCT_NAME = "$(TARGET_NAME)";
				SWIFT_VERSION = 3.0;
				TEST_TARGET_NAME = intervalClock;
			};
			name = Debug;
		};
		0CF649D21E5DCC3F00A4FB73 /* Release */ = {
			isa = XCBuildConfiguration;
			buildSettings = {
				ALWAYS_EMBED_SWIFT_STANDARD_LIBRARIES = YES;
				DEVELOPMENT_TEAM = H4YCDM74NE;
				INFOPLIST_FILE = intervalClockUITests/Info.plist;
				LD_RUNPATH_SEARCH_PATHS = "$(inherited) @executable_path/Frameworks @loader_path/Frameworks";
				PRODUCT_BUNDLE_IDENTIFIER = com.dfm.intervalClockUITests;
				PRODUCT_NAME = "$(TARGET_NAME)";
				SWIFT_VERSION = 3.0;
				TEST_TARGET_NAME = intervalClock;
			};
			name = Release;
		};
/* End XCBuildConfiguration section */

/* Begin XCConfigurationList section */
		0CF6499D1E5DCC3E00A4FB73 /* Build configuration list for PBXProject "intervalClock" */ = {
			isa = XCConfigurationList;
			buildConfigurations = (
				0CF649C81E5DCC3F00A4FB73 /* Debug */,
				0CF649C91E5DCC3F00A4FB73 /* Release */,
			);
			defaultConfigurationIsVisible = 0;
			defaultConfigurationName = Release;
		};
		0CF649CA1E5DCC3F00A4FB73 /* Build configuration list for PBXNativeTarget "intervalClock" */ = {
			isa = XCConfigurationList;
			buildConfigurations = (
				0CF649CB1E5DCC3F00A4FB73 /* Debug */,
				0CF649CC1E5DCC3F00A4FB73 /* Release */,
			);
			defaultConfigurationIsVisible = 0;
			defaultConfigurationName = Release;
		};
		0CF649CD1E5DCC3F00A4FB73 /* Build configuration list for PBXNativeTarget "intervalClockTests" */ = {
			isa = XCConfigurationList;
			buildConfigurations = (
				0CF649CE1E5DCC3F00A4FB73 /* Debug */,
				0CF649CF1E5DCC3F00A4FB73 /* Release */,
			);
			defaultConfigurationIsVisible = 0;
			defaultConfigurationName = Release;
		};
		0CF649D01E5DCC3F00A4FB73 /* Build configuration list for PBXNativeTarget "intervalClockUITests" */ = {
			isa = XCConfigurationList;
			buildConfigurations = (
				0CF649D11E5DCC3F00A4FB73 /* Debug */,
				0CF649D21E5DCC3F00A4FB73 /* Release */,
			);
			defaultConfigurationIsVisible = 0;
			defaultConfigurationName = Release;
		};
/* End XCConfigurationList section */
	};
	rootObject = 0CF6499A1E5DCC3E00A4FB73 /* Project object */;
}
